<?xml version="1.0" encoding="utf-8"?>
<Project ToolsVersion="4.0" xmlns="http://schemas.microsoft.com/developer/msbuild/2003">
  <ItemGroup>
    <Filter Include="UtilCore">
      <UniqueIdentifier>{b6889c4b-35af-4c9b-9e4f-9884f5e3f135}</UniqueIdentifier>
    </Filter>
    <Filter Include="SystemCore">
      <UniqueIdentifier>{25033d11-8c38-4ddc-a545-d2dcf3af1d99}</UniqueIdentifier>
    </Filter>
  </ItemGroup>
  <ItemGroup>
    <ClCompile Include="pch.cpp" />
    <ClCompile Include="SystemInfoTool.cpp" />
    <ClCompile Include="..\Library\UtilCore\BaseFile.cpp">
      <Filter>UtilCore</Filter>
    </ClCompile>
    <ClCompile Include="..\Library\UtilCore\EventLog.cpp">
      <Filter>UtilCore</Filter>
    </ClCompile>
    <ClCompile Include="..\Library\UtilCore\MemBuffer.cpp">
      <Filter>UtilCore</Filter>
    </ClCompile>
    <ClCompile Include="..\Library\UtilCore\Regular.cpp">
      <Filter>UtilCore</Filter>
    </ClCompile>
    <ClCompile Include="..\Library\UtilCore\RWLock.cpp">
      <Filter>UtilCore</Filter>
    </ClCompile>
    <ClCompile Include="..\Library\UtilCore\StringUtil.cpp">
      <Filter>UtilCore</Filter>
    </ClCompile>
    <ClCompile Include="..\Library\SystemCore\CpuInfo.cpp">
      <Filter>SystemCore</Filter>
    </ClCompile>
    <ClCompile Include="..\Library\SystemCore\HardwareInfo.cpp">
      <Filter>SystemCore</Filter>
    </ClCompile>
    <ClCompile Include="..\Library\SystemCore\OsInfo.cpp">
      <Filter>SystemCore</Filter>
    </ClCompile>
    <ClCompile Include="..\Library\SystemCore\SoftwareInfo.cpp">
      <Filter>SystemCore</Filter>
    </ClCompile>
    <ClCompile Include="..\Library\SystemCore\Wmi.cpp">
      <Filter>SystemCore</Filter>
    </ClCompile>
  </ItemGroup>
  <ItemGroup>
    <ClInclude Include="..\Library\UtilCore\BaseFile.h">
      <Filter>UtilCore</Filter>
    </ClInclude>
    <ClInclude Include="..\Library\SystemCore\CpuInfo.h">
      <Filter>SystemCore</Filter>
    </ClInclude>
    <ClInclude Include="..\Library\UtilCore\EventLog.h">
      <Filter>UtilCore</Filter>
    </ClInclude>
    <ClInclude Include="..\Library\SystemCore\HardwareInfo.h">
      <Filter>SystemCore</Filter>
    </ClInclude>
    <ClInclude Include="..\Library\UtilCore\MemBuffer.h">
      <Filter>UtilCore</Filter>
    </ClInclude>
    <ClInclude Include="..\Library\SystemCore\OsInfo.h">
      <Filter>SystemCore</Filter>
    </ClInclude>
    <ClInclude Include="..\Library\UtilCore\Regular.h">
      <Filter>UtilCore</Filter>
    </ClInclude>
    <ClInclude Include="..\Library\UtilCore\RWLock.h">
      <Filter>UtilCore</Filter>
    </ClInclude>
    <ClInclude Include="..\Library\SystemCore\SoftwareInfo.h">
      <Filter>SystemCore</Filter>
    </ClInclude>
    <ClInclude Include="..\Library\UtilCore\StringUtil.h">
      <Filter>UtilCore</Filter>
    </ClInclude>
    <ClInclude Include="..\Library\SystemCore\SystemBaseDefine.h">
      <Filter>SystemCore</Filter>
    </ClInclude>
    <ClInclude Include="..\Library\SystemCore\Wmi.h">
      <Filter>SystemCore</Filter>
    </ClInclude>
    <ClInclude Include="..\Library\SystemCore\CpuInfo64.h">
      <Filter>SystemCore</Filter>
    </ClInclude>
    <ClInclude Include="..\Library\SystemCore\CpuInfo86.h">
      <Filter>SystemCore</Filter>
    </ClInclude>
    <ClInclude Include="..\Library\UtilCore\BaseDefine.h">
      <Filter>UtilCore</Filter>
    </ClInclude>
    <ClInclude Include="..\Library\UtilCore\BaseRedefineDataType.h">
      <Filter>UtilCore</Filter>
    </ClInclude>
    <ClInclude Include="pch.h" />
    <ClInclude Include="resource.h" />
    <ClInclude Include="SystemInfoToolAll.h" />
  </ItemGroup>
  <ItemGroup>
    <Text Include="ReadMe.txt" />
  </ItemGroup>
  <ItemGroup>
    <MASM Include="..\Library\SystemCore\CpuInfo64.asm">
      <Filter>SystemCore</Filter>
    </MASM>
    <MASM Include="..\Library\SystemCore\CpuInfo86.asm">
      <Filter>SystemCore</Filter>
    </MASM>
  </ItemGroup>
  <ItemGroup>
    <ResourceCompile Include="SystemInfoTool.rc" />
  </ItemGroup>
</Project>